// !$*UTF8*$!
{
	archiveVersion = 1;
	classes = {
	};
	objectVersion = 77;
	objects = {

/* Begin PBXBuildFile section */
		5887961B2E0186FB001E84C4 /* PodD in Frameworks */ = {isa = PBXBuildFile; productRef = 5887961A2E0186FB001E84C4 /* PodD */; };
		5887961D2E018701001E84C4 /* PodB in Frameworks */ = {isa = PBXBuildFile; productRef = 5887961C2E018701001E84C4 /* PodB */; };
		5887961F2E01870F001E84C4 /* PodC in Frameworks */ = {isa = PBXBuildFile; productRef = 5887961E2E01870F001E84C4 /* PodC */; };
/* End PBXBuildFile section */

/* Begin PBXFileReference section */
		5801F2CF2E02C29D0053791F /* TestDevPodsDevPackages.xcodeproj */ = {isa = PBXFileReference; lastKnownFileType = "wrapper.pb-project"; path = TestDevPodsDevPackages.xcodeproj; sourceTree = "<group>"; };
		58DA7F232DF6E20A0030552F /* TestDevPodsDevPackages.app */ = {isa = PBXFileReference; explicitFileType = wrapper.application; includeInIndex = 0; path = TestDevPodsDevPackages.app; sourceTree = BUILT_PRODUCTS_DIR; };
/* End PBXFileReference section */

/* Begin PBXFileSystemSynchronizedBuildFileExceptionSet section */
		58DA7F352DF6E20B0030552F /* Exceptions for "TestDevPodsDevPackages" folder in "TestDevPodsDevPackages" target */ = {
			isa = PBXFileSystemSynchronizedBuildFileExceptionSet;
			membershipExceptions = (
				Info.plist,
			);
			target = 58DA7F222DF6E20A0030552F /* TestDevPodsDevPackages */;
		};
/* End PBXFileSystemSynchronizedBuildFileExceptionSet section */

/* Begin PBXFileSystemSynchronizedRootGroup section */
		58DA7F252DF6E20A0030552F /* TestDevPodsDevPackages */ = {
			isa = PBXFileSystemSynchronizedRootGroup;
			exceptions = (
				58DA7F352DF6E20B0030552F /* Exceptions for "TestDevPodsDevPackages" folder in "TestDevPodsDevPackages" target */,
			);
			path = TestDevPodsDevPackages;
			sourceTree = "<group>";
		};
/* End PBXFileSystemSynchronizedRootGroup section */

/* Begin PBXFrameworksBuildPhase section */
		58DA7F202DF6E20A0030552F /* Frameworks */ = {
			isa = PBXFrameworksBuildPhase;
			buildActionMask = 2147483647;
			files = (
				5887961B2E0186FB001E84C4 /* PodD in Frameworks */,
				5887961D2E018701001E84C4 /* PodB in Frameworks */,
				5887961F2E01870F001E84C4 /* PodC in Frameworks */,
			);
			runOnlyForDeploymentPostprocessing = 0;
		};
/* End PBXFrameworksBuildPhase section */

/* Begin PBXGroup section */
		5801F2D12E02C29D0053791F /* Products */ = {
			isa = PBXGroup;
			children = (
			);
			name = Products;
			sourceTree = "<group>";
		};
		58DA7F1A2DF6E20A0030552F = {
			isa = PBXGroup;
			children = (
				58DA7F252DF6E20A0030552F /* TestDevPodsDevPackages */,
				58DA7F242DF6E20A0030552F /* Products */,
				C02F52544746AAC67D2F2546 /* Frameworks */,
			);
			sourceTree = "<group>";
		};
		58DA7F242DF6E20A0030552F /* Products */ = {
			isa = PBXGroup;
			children = (
				58DA7F232DF6E20A0030552F /* TestDevPodsDevPackages.app */,
			);
			name = Products;
			sourceTree = "<group>";
		};
		C02F52544746AAC67D2F2546 /* Frameworks */ = {
			isa = PBXGroup;
			children = (
			);
			name = Frameworks;
			sourceTree = "<group>";
		};
/* End PBXGroup section */

/* Begin PBXNativeTarget section */
		58DA7F222DF6E20A0030552F /* TestDevPodsDevPackages */ = {
			isa = PBXNativeTarget;
			buildConfigurationList = 58DA7F362DF6E20B0030552F /* Build configuration list for PBXNativeTarget "TestDevPodsDevPackages" */;
			buildPhases = (
				58DA7F1F2DF6E20A0030552F /* Sources */,
				58DA7F202DF6E20A0030552F /* Frameworks */,
				58DA7F212DF6E20A0030552F /* Resources */,
			);
			buildRules = (
			);
			dependencies = (
			);
			fileSystemSynchronizedGroups = (
				58DA7F252DF6E20A0030552F /* TestDevPodsDevPackages */,
			);
			name = TestDevPodsDevPackages;
			productName = TestDevPodsDevPackages;
			productReference = 58DA7F232DF6E20A0030552F /* TestDevPodsDevPackages.app */;
			productType = "com.apple.product-type.application";
		};
/* End PBXNativeTarget section */

/* Begin PBXProject section */
		58DA7F1B2DF6E20A0030552F /* Project object */ = {
			isa = PBXProject;
			attributes = {
				BuildIndependentTargetsInParallel = 1;
				LastSwiftUpdateCheck = 1620;
				LastUpgradeCheck = 1620;
				TargetAttributes = {
					58DA7F222DF6E20A0030552F = {
						CreatedOnToolsVersion = 16.2;
					};
				};
			};
			buildConfigurationList = 58DA7F1E2DF6E20A0030552F /* Build configuration list for PBXProject "TestDevPodsDevPackages" */;
			developmentRegion = en;
			hasScannedForEncodings = 0;
			knownRegions = (
				en,
				Base,
			);
			mainGroup = 58DA7F1A2DF6E20A0030552F;
			minimizedProjectReferenceProxies = 1;
			packageReferences = (
				583CDD272DFEFBA9004293C7 /* XCLocalSwiftPackageReference "DevPackages/PodB" */,
				583CDD2A2DFEFBB8004293C7 /* XCLocalSwiftPackageReference "DevPackages/PodC" */,
				583CDD2D2DFEFBC5004293C7 /* XCLocalSwiftPackageReference "DevPackages/PodD" */,
				5820FF332E019B09008F062A /* XCLocalSwiftPackageReference "DevPackages/PodA" */,
			);
			preferredProjectObjectVersion = 77;
			productRefGroup = 58DA7F242DF6E20A0030552F /* Products */;
			projectDirPath = "";
			projectReferences = (
				{
					ProductGroup = 5801F2D12E02C29D0053791F /* Products */;
					ProjectRef = 5801F2CF2E02C29D0053791F /* TestDevPodsDevPackages.xcodeproj */;
				},
			);
			projectRoot = "";
			targets = (
				58DA7F222DF6E20A0030552F /* TestDevPodsDevPackages */,
			);
		};
/* End PBXProject section */

/* Begin PBXResourcesBuildPhase section */
		58DA7F212DF6E20A0030552F /* Resources */ = {
			isa = PBXResourcesBuildPhase;
			buildActionMask = 2147483647;
			files = (
			);
			runOnlyForDeploymentPostprocessing = 0;
		};
/* End PBXResourcesBuildPhase section */

/* Begin PBXSourcesBuildPhase section */
		58DA7F1F2DF6E20A0030552F /* Sources */ = {
			isa = PBXSourcesBuildPhase;
			buildActionMask = 2147483647;
			files = (
			);
			runOnlyForDeploymentPostprocessing = 0;
		};
/* End PBXSourcesBuildPhase section */

/* Begin XCBuildConfiguration section */
		58DA7F372DF6E20B0030552F /* Debug */ = {
			isa = XCBuildConfiguration;
			buildSettings = {
				ASSETCATALOG_COMPILER_APPICON_NAME = AppIcon;
				ASSETCATALOG_COMPILER_GLOBAL_ACCENT_COLOR_NAME = AccentColor;
				CODE_SIGN_STYLE = Automatic;
				CURRENT_PROJECT_VERSION = 1;
				DEVELOPMENT_TEAM = 729KKCD4G7;
				GENERATE_INFOPLIST_FILE = YES;
				INFOPLIST_FILE = TestDevPodsDevPackages/Info.plist;
				INFOPLIST_KEY_UIApplicationSupportsIndirectInputEvents = YES;
				INFOPLIST_KEY_UILaunchStoryboardName = LaunchScreen;
				INFOPLIST_KEY_UIMainStoryboardFile = Main;
				INFOPLIST_KEY_UISupportedInterfaceOrientations_iPad = "UIInterfaceOrientationPortrait UIInterfaceOrientationPortraitUpsideDown UIInterfaceOrientationLandscapeLeft UIInterfaceOrientationLandscapeRight";
				INFOPLIST_KEY_UISupportedInterfaceOrientations_iPhone = "UIInterfaceOrientationPortrait UIInterfaceOrientationLandscapeLeft UIInterfaceOrientationLandscapeRight";
				LD_RUNPATH_SEARCH_PATHS = (
					"$(inherited)",
					"@executable_path/Frameworks",
				);
				MARKETING_VERSION = 1.0;
				PRODUCT_BUNDLE_IDENTIFIER = "com.simbio.paws-crew.TestDevPodsDevPackages";
				PRODUCT_NAME = "$(TARGET_NAME)";
				SUPPORTED_PLATFORMS = "iphoneos iphonesimulator";
				SUPPORTS_MACCATALYST = NO;
				SUPPORTS_MAC_DESIGNED_FOR_IPHONE_IPAD = NO;
				SUPPORTS_XR_DESIGNED_FOR_IPHONE_IPAD = NO;
				SWIFT_EMIT_LOC_STRINGS = YES;
				SWIFT_VERSION = 5.0;
				TARGETED_DEVICE_FAMILY = 1;
			};
			name = Debug;
		};
		58DA7F382DF6E20B0030552F /* Release */ = {
			isa = XCBuildConfiguration;
			buildSettings = {
				ASSETCATALOG_COMPILER_APPICON_NAME = AppIcon;
				ASSETCATALOG_COMPILER_GLOBAL_ACCENT_COLOR_NAME = AccentColor;
				CODE_SIGN_STYLE = Automatic;
				CURRENT_PROJECT_VERSION = 1;
				DEVELOPMENT_TEAM = 729KKCD4G7;
				GENERATE_INFOPLIST_FILE = YES;
				INFOPLIST_FILE = TestDevPodsDevPackages/Info.plist;
				INFOPLIST_KEY_UIApplicationSupportsIndirectInputEvents = YES;
				INFOPLIST_KEY_UILaunchStoryboardName = LaunchScreen;
				INFOPLIST_KEY_UIMainStoryboardFile = Main;
				INFOPLIST_KEY_UISupportedInterfaceOrientations_iPad = "UIInterfaceOrientationPortrait UIInterfaceOrientationPortraitUpsideDown UIInterfaceOrientationLandscapeLeft UIInterfaceOrientationLandscapeRight";
				INFOPLIST_KEY_UISupportedInterfaceOrientations_iPhone = "UIInterfaceOrientationPortrait UIInterfaceOrientationLandscapeLeft UIInterfaceOrientationLandscapeRight";
				LD_RUNPATH_SEARCH_PATHS = (
					"$(inherited)",
					"@executable_path/Frameworks",
				);
				MARKETING_VERSION = 1.0;
				PRODUCT_BUNDLE_IDENTIFIER = "com.simbio.paws-crew.TestDevPodsDevPackages";
				PRODUCT_NAME = "$(TARGET_NAME)";
				SUPPORTED_PLATFORMS = "iphoneos iphonesimulator";
				SUPPORTS_MACCATALYST = NO;
				SUPPORTS_MAC_DESIGNED_FOR_IPHONE_IPAD = NO;
				SUPPORTS_XR_DESIGNED_FOR_IPHONE_IPAD = NO;
				SWIFT_EMIT_LOC_STRINGS = YES;
				SWIFT_VERSION = 5.0;
				TARGETED_DEVICE_FAMILY = 1;
			};
			name = Release;
		};
		58DA7F392DF6E20B0030552F /* Debug */ = {
			isa = XCBuildConfiguration;
			buildSettings = {
				ALWAYS_SEARCH_USER_PATHS = NO;
				ASSETCATALOG_COMPILER_GENERATE_SWIFT_ASSET_SYMBOL_EXTENSIONS = YES;
				CLANG_ANALYZER_NONNULL = YES;
				CLANG_ANALYZER_NUMBER_OBJECT_CONVERSION = YES_AGGRESSIVE;
				CLANG_CXX_LANGUAGE_STANDARD = "gnu++20";
				CLANG_ENABLE_MODULES = YES;
				CLANG_ENABLE_OBJC_ARC = YES;
				CLANG_ENABLE_OBJC_WEAK = YES;
				CLANG_WARN_BLOCK_CAPTURE_AUTORELEASING = YES;
				CLANG_WARN_BOOL_CONVERSION = YES;
				CLANG_WARN_COMMA = YES;
				CLANG_WARN_CONSTANT_CONVERSION = YES;
				CLANG_WARN_DEPRECATED_OBJC_IMPLEMENTATIONS = YES;
				CLANG_WARN_DIRECT_OBJC_ISA_USAGE = YES_ERROR;
				CLANG_WARN_DOCUMENTATION_COMMENTS = YES;
				CLANG_WARN_EMPTY_BODY = YES;
				CLANG_WARN_ENUM_CONVERSION = YES;
				CLANG_WARN_INFINITE_RECURSION = YES;
				CLANG_WARN_INT_CONVERSION = YES;
				CLANG_WARN_NON_LITERAL_NULL_CONVERSION = YES;
				CLANG_WARN_OBJC_IMPLICIT_RETAIN_SELF = YES;
				CLANG_WARN_OBJC_LITERAL_CONVERSION = YES;
				CLANG_WARN_OBJC_ROOT_CLASS = YES_ERROR;
				CLANG_WARN_QUOTED_INCLUDE_IN_FRAMEWORK_HEADER = YES;
				CLANG_WARN_RANGE_LOOP_ANALYSIS = YES;
				CLANG_WARN_STRICT_PROTOTYPES = YES;
				CLANG_WARN_SUSPICIOUS_MOVE = YES;
				CLANG_WARN_UNGUARDED_AVAILABILITY = YES_AGGRESSIVE;
				CLANG_WARN_UNREACHABLE_CODE = YES;
				CLANG_WARN__DUPLICATE_METHOD_MATCH = YES;
				COPY_PHASE_STRIP = NO;
				DEBUG_INFORMATION_FORMAT = dwarf;
				ENABLE_STRICT_OBJC_MSGSEND = YES;
				ENABLE_TESTABILITY = YES;
				ENABLE_USER_SCRIPT_SANDBOXING = YES;
				GCC_C_LANGUAGE_STANDARD = gnu17;
				GCC_DYNAMIC_NO_PIC = NO;
				GCC_NO_COMMON_BLOCKS = YES;
				GCC_OPTIMIZATION_LEVEL = 0;
				GCC_PREPROCESSOR_DEFINITIONS = (
					"DEBUG=1",
					"$(inherited)",
				);
				GCC_WARN_64_TO_32_BIT_CONVERSION = YES;
				GCC_WARN_ABOUT_RETURN_TYPE = YES_ERROR;
				GCC_WARN_UNDECLARED_SELECTOR = YES;
				GCC_WARN_UNINITIALIZED_AUTOS = YES_AGGRESSIVE;
				GCC_WARN_UNUSED_FUNCTION = YES;
				GCC_WARN_UNUSED_VARIABLE = YES;
				IPHONEOS_DEPLOYMENT_TARGET = 18.2;
				LOCALIZATION_PREFERS_STRING_CATALOGS = YES;
				MTL_ENABLE_DEBUG_INFO = INCLUDE_SOURCE;
				MTL_FAST_MATH = YES;
				ONLY_ACTIVE_ARCH = YES;
				SDKROOT = iphoneos;
				SWIFT_ACTIVE_COMPILATION_CONDITIONS = "DEBUG $(inherited)";
				SWIFT_OPTIMIZATION_LEVEL = "-Onone";
			};
			name = Debug;
		};
		58DA7F3A2DF6E20B0030552F /* Release */ = {
			isa = XCBuildConfiguration;
			buildSettings = {
				ALWAYS_SEARCH_USER_PATHS = NO;
				ASSETCATALOG_COMPILER_GENERATE_SWIFT_ASSET_SYMBOL_EXTENSIONS = YES;
				CLANG_ANALYZER_NONNULL = YES;
				CLANG_ANALYZER_NUMBER_OBJECT_CONVERSION = YES_AGGRESSIVE;
				CLANG_CXX_LANGUAGE_STANDARD = "gnu++20";
				CLANG_ENABLE_MODULES = YES;
				CLANG_ENABLE_OBJC_ARC = YES;
				CLANG_ENABLE_OBJC_WEAK = YES;
				CLANG_WARN_BLOCK_CAPTURE_AUTORELEASING = YES;
				CLANG_WARN_BOOL_CONVERSION = YES;
				CLANG_WARN_COMMA = YES;
				CLANG_WARN_CONSTANT_CONVERSION = YES;
				CLANG_WARN_DEPRECATED_OBJC_IMPLEMENTATIONS = YES;
				CLANG_WARN_DIRECT_OBJC_ISA_USAGE = YES_ERROR;
				CLANG_WARN_DOCUMENTATION_COMMENTS = YES;
				CLANG_WARN_EMPTY_BODY = YES;
				CLANG_WARN_ENUM_CONVERSION = YES;
				CLANG_WARN_INFINITE_RECURSION = YES;
				CLANG_WARN_INT_CONVERSION = YES;
				CLANG_WARN_NON_LITERAL_NULL_CONVERSION = YES;
				CLANG_WARN_OBJC_IMPLICIT_RETAIN_SELF = YES;
				CLANG_WARN_OBJC_LITERAL_CONVERSION = YES;
				CLANG_WARN_OBJC_ROOT_CLASS = YES_ERROR;
				CLANG_WARN_QUOTED_INCLUDE_IN_FRAMEWORK_HEADER = YES;
				CLANG_WARN_RANGE_LOOP_ANALYSIS = YES;
				CLANG_WARN_STRICT_PROTOTYPES = YES;
				CLANG_WARN_SUSPICIOUS_MOVE = YES;
				CLANG_WARN_UNGUARDED_AVAILABILITY = YES_AGGRESSIVE;
				CLANG_WARN_UNREACHABLE_CODE = YES;
				CLANG_WARN__DUPLICATE_METHOD_MATCH = YES;
				COPY_PHASE_STRIP = NO;
				DEBUG_INFORMATION_FORMAT = "dwarf-with-dsym";
				ENABLE_NS_ASSERTIONS = NO;
				ENABLE_STRICT_OBJC_MSGSEND = YES;
				ENABLE_USER_SCRIPT_SANDBOXING = YES;
				GCC_C_LANGUAGE_STANDARD = gnu17;
				GCC_NO_COMMON_BLOCKS = YES;
				GCC_WARN_64_TO_32_BIT_CONVERSION = YES;
				GCC_WARN_ABOUT_RETURN_TYPE = YES_ERROR;
				GCC_WARN_UNDECLARED_SELECTOR = YES;
				GCC_WARN_UNINITIALIZED_AUTOS = YES_AGGRESSIVE;
				GCC_WARN_UNUSED_FUNCTION = YES;
				GCC_WARN_UNUSED_VARIABLE = YES;
				IPHONEOS_DEPLOYMENT_TARGET = 18.2;
				LOCALIZATION_PREFERS_STRING_CATALOGS = YES;
				MTL_ENABLE_DEBUG_INFO = NO;
				MTL_FAST_MATH = YES;
				SDKROOT = iphoneos;
				SWIFT_COMPILATION_MODE = wholemodule;
				VALIDATE_PRODUCT = YES;
			};
			name = Release;
		};
/* End XCBuildConfiguration section */

/* Begin XCConfigurationList section */
		58DA7F1E2DF6E20A0030552F /* Build configuration list for PBXProject "TestDevPodsDevPackages" */ = {
			isa = XCConfigurationList;
			buildConfigurations = (
				58DA7F392DF6E20B0030552F /* Debug */,
				58DA7F3A2DF6E20B0030552F /* Release */,
			);
			defaultConfigurationIsVisible = 0;
			defaultConfigurationName = Release;
		};
		58DA7F362DF6E20B0030552F /* Build configuration list for PBXNativeTarget "TestDevPodsDevPackages" */ = {
			isa = XCConfigurationList;
			buildConfigurations = (
				58DA7F372DF6E20B0030552F /* Debug */,
				58DA7F382DF6E20B0030552F /* Release */,
			);
			defaultConfigurationIsVisible = 0;
			defaultConfigurationName = Release;
		};
/* End XCConfigurationList section */

/* Begin XCLocalSwiftPackageReference section */
		5820FF332E019B09008F062A /* XCLocalSwiftPackageReference "DevPackages/PodA" */ = {
			isa = XCLocalSwiftPackageReference;
			relativePath = DevPackages/PodA;
		};
		583CDD272DFEFBA9004293C7 /* XCLocalSwiftPackageReference "DevPackages/PodB" */ = {
			isa = XCLocalSwiftPackageReference;
			relativePath = DevPackages/PodB;
		};
		583CDD2A2DFEFBB8004293C7 /* XCLocalSwiftPackageReference "DevPackages/PodC" */ = {
			isa = XCLocalSwiftPackageReference;
			relativePath = DevPackages/PodC;
		};
		583CDD2D2DFEFBC5004293C7 /* XCLocalSwiftPackageReference "DevPackages/PodD" */ = {
			isa = XCLocalSwiftPackageReference;
			relativePath = DevPackages/PodD;
		};
/* End XCLocalSwiftPackageReference section */

/* Begin XCSwiftPackageProductDependency section */
		5887961A2E0186FB001E84C4 /* PodD */ = {
			isa = XCSwiftPackageProductDependency;
			package = 583CDD2D2DFEFBC5004293C7 /* XCLocalSwiftPackageReference "DevPackages/PodD" */;
			productName = PodD;
		};
		5887961C2E018701001E84C4 /* PodB */ = {
			isa = XCSwiftPackageProductDependency;
			package = 583CDD272DFEFBA9004293C7 /* XCLocalSwiftPackageReference "DevPackages/PodB" */;
			productName = PodB;
		};
		5887961E2E01870F001E84C4 /* PodC */ = {
			isa = XCSwiftPackageProductDependency;
			productName = PodC;
		};
/* End XCSwiftPackageProductDependency section */
	};
	rootObject = 58DA7F1B2DF6E20A0030552F /* Project object */;
}
